
Microsoft Visual Studio Solution File, Format Version 12.00
# Visual Studio Version 17
VisualStudioVersion = 17.9.34728.123
MinimumVisualStudioVersion = 10.0.40219.1
Project("{FAE04EC0-301F-11D3-BF4B-00C04F79EFBC}") = "visual_programming_task3", "visual_programming_task3.csproj", "{E8DA6338-DCF8-4BC3-9FD8-DC4D66A0859A}"
EndProject
Global
	GlobalSection(SolutionConfigurationPlatforms) = preSolution
		Debug|Any CPU = Debug|Any CPU
		Release|Any CPU = Release|Any CPU
	EndGlobalSection
	GlobalSection(ProjectConfigurationPlatforms) = postSolution
		{E8DA6338-DCF8-4BC3-9FD8-DC4D66A0859A}.Debug|Any CPU.ActiveCfg = Debug|Any CPU
		{E8DA6338-DCF8-4BC3-9FD8-DC4D66A0859A}.Debug|Any CPU.Build.0 = Debug|Any CPU
		{E8DA6338-DCF8-4BC3-9FD8-DC4D66A0859A}.Release|Any CPU.ActiveCfg = Release|Any CPU
		{E8DA6338-DCF8-4BC3-9FD8-DC4D66A0859A}.Release|Any CPU.Build.0 = Release|Any CPU
	EndGlobalSection
	GlobalSection(SolutionProperties) = preSolution
		HideSolutionNode = FALSE
	EndGlobalSection
	GlobalSection(ExtensibilityGlobals) = postSolution
		SolutionGuid = {87F82B2F-8A30-45CB-8894-4A310DE39E57}
	EndGlobalSection
EndGlobal
